{
  "name": "somtoday-api",
  "version": "1.0.0",
  "lockfileVersion": 1,
  "requires": true,
  "dependencies": {
    "hello-world-node-package": {
      "version": "1.0.1",
      "resolved": "https://registry.npmjs.org/hello-world-node-package/-/hello-world-node-package-1.0.1.tgz",
      "integrity": "sha512-T4X+np/SefFQ0LK02m1FA/ewXjQTYKveoeBhbTSpS7CodQ0EZQUV6CH817Gn3JeRChSY16csbHAuNU0SnbkgWw=="
    }
  }
}
